
Microsoft Visual Studio Solution File, Format Version 12.00
# Visual Studio Version 17
VisualStudioVersion = 17.7.34009.444
MinimumVisualStudioVersion = 10.0.40219.1
Project("{FAE04EC0-301F-11D3-BF4B-00C04F79EFBC}") = "Forro_PVC_Venda", "Forro_PVC_Venda.csproj", "{F5CD427C-CEF0-43F8-9CE9-3DC655461FB6}"
EndProject
Global
	GlobalSection(SolutionConfigurationPlatforms) = preSolution
		Debug|Any CPU = Debug|Any CPU
		Release|Any CPU = Release|Any CPU
	EndGlobalSection
	GlobalSection(ProjectConfigurationPlatforms) = postSolution
		{F5CD427C-CEF0-43F8-9CE9-3DC655461FB6}.Debug|Any CPU.ActiveCfg = Debug|Any CPU
		{F5CD427C-CEF0-43F8-9CE9-3DC655461FB6}.Debug|Any CPU.Build.0 = Debug|Any CPU
		{F5CD427C-CEF0-43F8-9CE9-3DC655461FB6}.Release|Any CPU.ActiveCfg = Release|Any CPU
		{F5CD427C-CEF0-43F8-9CE9-3DC655461FB6}.Release|Any CPU.Build.0 = Release|Any CPU
	EndGlobalSection
	GlobalSection(SolutionProperties) = preSolution
		HideSolutionNode = FALSE
	EndGlobalSection
	GlobalSection(ExtensibilityGlobals) = postSolution
		SolutionGuid = {85F5DA52-118F-459A-922A-F8A0E6E810B4}
	EndGlobalSection
EndGlobal
